{
  "name": "@temp-cli-dev/package",
  "version": "1.0.4",
  "lockfileVersion": 2,
  "requires": true,
  "packages": {
    "": {
      "name": "@temp-cli-dev/package",
      "version": "1.0.4",
      "license": "ISC",
      "dependencies": {
        "@temp-cli-dev/utils": "file:../../utils/utils"
      }
    },
    "../../utils/utils": {
      "version": "1.0.4",
      "license": "ISC"
    },
    "node_modules/@temp-cli-dev/utils": {
      "resolved": "../../utils/utils",
      "link": true
    }
  },
  "dependencies": {
    "@temp-cli-dev/utils": {
      "version": "file:../../utils/utils"
    }
  }
}
