{
  "name": "@temp-cli-dev/init",
  "version": "1.0.5",
  "lockfileVersion": 2,
  "requires": true,
  "packages": {
    "": {
      "name": "@temp-cli-dev/init",
      "version": "1.0.5",
      "license": "ISC",
      "dependencies": {
        "@temp-cli-dev/command": "file:../../models/command"
      }
    },
    "../../models/command": {
      "name": "@temp-cli-dev/command",
      "version": "1.0.5",
      "license": "ISC",
      "dependencies": {
        "colors": "^1.4.0",
        "semver": "^7.3.5"
      }
    },
    "node_modules/@temp-cli-dev/command": {
      "resolved": "../../models/command",
      "link": true
    }
  },
  "dependencies": {
    "@temp-cli-dev/command": {
      "version": "file:../../models/command",
      "requires": {
        "colors": "^1.4.0",
        "semver": "^7.3.5"
      }
    }
  }
}
