{
  "name": "@temp-cli-dev/core",
  "version": "1.0.2",
  "lockfileVersion": 2,
  "requires": true,
  "packages": {
    "": {
      "name": "@temp-cli-dev/core",
      "version": "1.0.2",
      "license": "ISC",
      "dependencies": {
        "@temp-cli-dev/utils": "file:../utils"
      },
      "bin": {
        "temp-cli-dev": "bin/index.js"
      }
    },
    "../utils": {
      "version": "1.0.2",
      "license": "ISC"
    },
    "node_modules/@temp-cli-dev/utils": {
      "resolved": "../utils",
      "link": true
    }
  },
  "dependencies": {
    "@temp-cli-dev/utils": {
      "version": "file:../utils"
    }
  }
}
