{
  "name": "@temp-cli-dev/exec",
  "version": "1.0.5",
  "lockfileVersion": 2,
  "requires": true,
  "packages": {
    "": {
      "name": "@temp-cli-dev/exec",
      "version": "1.0.4",
      "license": "ISC",
      "dependencies": {
        "@temp-cli-dev/package": "file:../../models/package"
      }
    },
    "../../models/package": {
      "version": "1.0.4",
      "license": "ISC",
      "dependencies": {
        "@temp-cli-dev/utils": "file:../../utils/utils"
      }
    },
    "node_modules/@temp-cli-dev/package": {
      "resolved": "../../models/package",
      "link": true
    }
  },
  "dependencies": {
    "@temp-cli-dev/package": {
      "version": "file:../../models/package",
      "requires": {
        "@temp-cli-dev/utils": "file:../../utils/utils"
      }
    }
  }
}
